{
  "name": "PTU-Resource-Hub",
  "lockfileVersion": 3,
  "requires": true,
  "packages": {
    "": {
      "dependencies": {
        "@fontsource/fira-sans": "^5.0.0"
      }
    },
    "node_modules/@fontsource/fira-sans": {
      "version": "5.0.0",
      "resolved": "https://registry.npmjs.org/@fontsource/fira-sans/-/fira-sans-5.0.0.tgz",
      "integrity": "sha512-L9TUdquxwy1U7O7E4kpCUM4VMGgo07geiGct4TRslw+lQhJc6Vf9tCR51PJ5qVm+DxKhuHLvh7AJjX9ZSiNxRA=="
    }
  }
}
